
Microsoft Visual Studio Solution File, Format Version 12.00
# Visual Studio 2013
VisualStudioVersion = 12.0.31101.0
MinimumVisualStudioVersion = 10.0.40219.1
Project("{FAE04EC0-301F-11D3-BF4B-00C04F79EFBC}") = "FileTransponderApplication", "FileParserApplication\FileTransponderApplication.csproj", "{0F09BC52-1CC2-45AC-BDF6-53BE508F83DB}"
EndProject
Project("{FAE04EC0-301F-11D3-BF4B-00C04F79EFBC}") = "FileTransponder", "FileParser\FileTransponder.csproj", "{C512DB7A-6FFA-4831-AA34-AB6022DC5333}"
EndProject
Global
	GlobalSection(SolutionConfigurationPlatforms) = preSolution
		Debug|Any CPU = Debug|Any CPU
		Release|Any CPU = Release|Any CPU
	EndGlobalSection
	GlobalSection(ProjectConfigurationPlatforms) = postSolution
		{0F09BC52-1CC2-45AC-BDF6-53BE508F83DB}.Debug|Any CPU.ActiveCfg = Debug|Any CPU
		{0F09BC52-1CC2-45AC-BDF6-53BE508F83DB}.Debug|Any CPU.Build.0 = Debug|Any CPU
		{0F09BC52-1CC2-45AC-BDF6-53BE508F83DB}.Release|Any CPU.ActiveCfg = Release|Any CPU
		{0F09BC52-1CC2-45AC-BDF6-53BE508F83DB}.Release|Any CPU.Build.0 = Release|Any CPU
		{C512DB7A-6FFA-4831-AA34-AB6022DC5333}.Debug|Any CPU.ActiveCfg = Debug|Any CPU
		{C512DB7A-6FFA-4831-AA34-AB6022DC5333}.Debug|Any CPU.Build.0 = Debug|Any CPU
		{C512DB7A-6FFA-4831-AA34-AB6022DC5333}.Release|Any CPU.ActiveCfg = Release|Any CPU
		{C512DB7A-6FFA-4831-AA34-AB6022DC5333}.Release|Any CPU.Build.0 = Release|Any CPU
	EndGlobalSection
	GlobalSection(SolutionProperties) = preSolution
		HideSolutionNode = FALSE
	EndGlobalSection
EndGlobal
